
Microsoft Visual Studio Solution File, Format Version 12.00
# Visual Studio Version 17
VisualStudioVersion = 17.10.34916.146
MinimumVisualStudioVersion = 10.0.40219.1
Project("{FAE04EC0-301F-11D3-BF4B-00C04F79EFBC}") = "TallerLayout", "TallerLayout\TallerLayout.csproj", "{B75B5357-F08C-464D-B999-6633DB67830B}"
EndProject
Global
	GlobalSection(SolutionConfigurationPlatforms) = preSolution
		Debug|Any CPU = Debug|Any CPU
		Release|Any CPU = Release|Any CPU
	EndGlobalSection
	GlobalSection(ProjectConfigurationPlatforms) = postSolution
		{B75B5357-F08C-464D-B999-6633DB67830B}.Debug|Any CPU.ActiveCfg = Debug|Any CPU
		{B75B5357-F08C-464D-B999-6633DB67830B}.Debug|Any CPU.Build.0 = Debug|Any CPU
		{B75B5357-F08C-464D-B999-6633DB67830B}.Debug|Any CPU.Deploy.0 = Debug|Any CPU
		{B75B5357-F08C-464D-B999-6633DB67830B}.Release|Any CPU.ActiveCfg = Release|Any CPU
		{B75B5357-F08C-464D-B999-6633DB67830B}.Release|Any CPU.Build.0 = Release|Any CPU
		{B75B5357-F08C-464D-B999-6633DB67830B}.Release|Any CPU.Deploy.0 = Release|Any CPU
	EndGlobalSection
	GlobalSection(SolutionProperties) = preSolution
		HideSolutionNode = FALSE
	EndGlobalSection
	GlobalSection(ExtensibilityGlobals) = postSolution
		SolutionGuid = {A008E3D7-DFF4-4A62-9BB3-CB117133EA6F}
	EndGlobalSection
EndGlobal
